
Microsoft Visual Studio Solution File, Format Version 12.00
# Visual Studio 15
VisualStudioVersion = 15.0.28124.53
MinimumVisualStudioVersion = 10.0.40219.1
Project("{FAE04EC0-301F-11D3-BF4B-00C04F79EFBC}") = "BitcoinProject", "BitcoinProject\BitcoinProject.csproj", "{2C5F976D-5952-4C7F-A552-E50418F9A0D0}"
EndProject
Project("{FAE04EC0-301F-11D3-BF4B-00C04F79EFBC}") = "UnitTestBitcoinProject", "UnitTestBitcoinProject\UnitTestBitcoinProject.csproj", "{1E1843E7-85E5-476A-8D9B-459E1ACCBA8A}"
EndProject
Global
	GlobalSection(SolutionConfigurationPlatforms) = preSolution
		Debug|Any CPU = Debug|Any CPU
		Release|Any CPU = Release|Any CPU
	EndGlobalSection
	GlobalSection(ProjectConfigurationPlatforms) = postSolution
		{2C5F976D-5952-4C7F-A552-E50418F9A0D0}.Debug|Any CPU.ActiveCfg = Debug|Any CPU
		{2C5F976D-5952-4C7F-A552-E50418F9A0D0}.Debug|Any CPU.Build.0 = Debug|Any CPU
		{2C5F976D-5952-4C7F-A552-E50418F9A0D0}.Release|Any CPU.ActiveCfg = Release|Any CPU
		{2C5F976D-5952-4C7F-A552-E50418F9A0D0}.Release|Any CPU.Build.0 = Release|Any CPU
		{1E1843E7-85E5-476A-8D9B-459E1ACCBA8A}.Debug|Any CPU.ActiveCfg = Debug|Any CPU
		{1E1843E7-85E5-476A-8D9B-459E1ACCBA8A}.Debug|Any CPU.Build.0 = Debug|Any CPU
		{1E1843E7-85E5-476A-8D9B-459E1ACCBA8A}.Release|Any CPU.ActiveCfg = Release|Any CPU
		{1E1843E7-85E5-476A-8D9B-459E1ACCBA8A}.Release|Any CPU.Build.0 = Release|Any CPU
	EndGlobalSection
	GlobalSection(SolutionProperties) = preSolution
		HideSolutionNode = FALSE
	EndGlobalSection
EndGlobal
